
Microsoft Visual Studio Solution File, Format Version 12.00
# Visual Studio Version 17
VisualStudioVersion = 17.13.35825.156 d17.13
MinimumVisualStudioVersion = 10.0.40219.1
Project("{FAE04EC0-301F-11D3-BF4B-00C04F79EFBC}") = "ConsumoWeb", "ConsumoWeb\ConsumoWeb.csproj", "{8762E64C-9609-42B7-923D-C61183006E63}"
EndProject
Global
	GlobalSection(SolutionConfigurationPlatforms) = preSolution
		Debug|Any CPU = Debug|Any CPU
		Release|Any CPU = Release|Any CPU
	EndGlobalSection
	GlobalSection(ProjectConfigurationPlatforms) = postSolution
		{8762E64C-9609-42B7-923D-C61183006E63}.Debug|Any CPU.ActiveCfg = Debug|Any CPU
		{8762E64C-9609-42B7-923D-C61183006E63}.Debug|Any CPU.Build.0 = Debug|Any CPU
		{8762E64C-9609-42B7-923D-C61183006E63}.Release|Any CPU.ActiveCfg = Release|Any CPU
		{8762E64C-9609-42B7-923D-C61183006E63}.Release|Any CPU.Build.0 = Release|Any CPU
	EndGlobalSection
	GlobalSection(SolutionProperties) = preSolution
		HideSolutionNode = FALSE
	EndGlobalSection
	GlobalSection(ExtensibilityGlobals) = postSolution
		SolutionGuid = {5CBCB0AA-928D-4A97-BDB2-782AAC8A8478}
	EndGlobalSection
EndGlobal
